
Microsoft Visual Studio Solution File, Format Version 12.00
# Visual Studio Version 16
VisualStudioVersion = 16.0.36602.28
MinimumVisualStudioVersion = 10.0.40219.1
Project("{FAE04EC0-301F-11D3-BF4B-00C04F79EFBC}") = "StudyOps", "StudyOps\StudyOps.csproj", "{5F44BF07-E6C9-4A92-9884-1153EB1DCF98}"
EndProject
Global
	GlobalSection(SolutionConfigurationPlatforms) = preSolution
		Debug|Any CPU = Debug|Any CPU
		Release|Any CPU = Release|Any CPU
	EndGlobalSection
	GlobalSection(ProjectConfigurationPlatforms) = postSolution
		{5F44BF07-E6C9-4A92-9884-1153EB1DCF98}.Debug|Any CPU.ActiveCfg = Debug|Any CPU
		{5F44BF07-E6C9-4A92-9884-1153EB1DCF98}.Debug|Any CPU.Build.0 = Debug|Any CPU
		{5F44BF07-E6C9-4A92-9884-1153EB1DCF98}.Release|Any CPU.ActiveCfg = Release|Any CPU
		{5F44BF07-E6C9-4A92-9884-1153EB1DCF98}.Release|Any CPU.Build.0 = Release|Any CPU
	EndGlobalSection
	GlobalSection(SolutionProperties) = preSolution
		HideSolutionNode = FALSE
	EndGlobalSection
	GlobalSection(ExtensibilityGlobals) = postSolution
		SolutionGuid = {F2878D26-A69B-46A5-8F1F-31C11B0B49BA}
	EndGlobalSection
EndGlobal
